
Microsoft Visual Studio Solution File, Format Version 12.00
# Visual Studio Version 17
VisualStudioVersion = 17.11.35303.130
MinimumVisualStudioVersion = 10.0.40219.1
Project("{FAE04EC0-301F-11D3-BF4B-00C04F79EFBC}") = "FeelUrFood", "FeelUrFood\FeelUrFood.csproj", "{BCBC53A6-2151-4CB3-866B-695A4A5E0E43}"
EndProject
Global
	GlobalSection(SolutionConfigurationPlatforms) = preSolution
		Debug|Any CPU = Debug|Any CPU
		Release|Any CPU = Release|Any CPU
	EndGlobalSection
	GlobalSection(ProjectConfigurationPlatforms) = postSolution
		{BCBC53A6-2151-4CB3-866B-695A4A5E0E43}.Debug|Any CPU.ActiveCfg = Debug|Any CPU
		{BCBC53A6-2151-4CB3-866B-695A4A5E0E43}.Debug|Any CPU.Build.0 = Debug|Any CPU
		{BCBC53A6-2151-4CB3-866B-695A4A5E0E43}.Release|Any CPU.ActiveCfg = Release|Any CPU
		{BCBC53A6-2151-4CB3-866B-695A4A5E0E43}.Release|Any CPU.Build.0 = Release|Any CPU
	EndGlobalSection
	GlobalSection(SolutionProperties) = preSolution
		HideSolutionNode = FALSE
	EndGlobalSection
	GlobalSection(ExtensibilityGlobals) = postSolution
		SolutionGuid = {B1B58ACE-31FF-4F0B-B186-FA9AD050CB15}
	EndGlobalSection
EndGlobal
